
Microsoft Visual Studio Solution File, Format Version 12.00
# Visual Studio 15
VisualStudioVersion = 15.0.28107.0
MinimumVisualStudioVersion = 10.0.40219.1
Project("{FAE04EC0-301F-11D3-BF4B-00C04F79EFBC}") = "TestJsonRpc", "TestJsonRpc\TestJsonRpc.csproj", "{16DBE7A6-BAD3-44E3-BD5C-59BC49F5672B}"
EndProject
Global
	GlobalSection(SolutionConfigurationPlatforms) = preSolution
		Debug|Any CPU = Debug|Any CPU
		Release|Any CPU = Release|Any CPU
	EndGlobalSection
	GlobalSection(ProjectConfigurationPlatforms) = postSolution
		{16DBE7A6-BAD3-44E3-BD5C-59BC49F5672B}.Debug|Any CPU.ActiveCfg = Debug|Any CPU
		{16DBE7A6-BAD3-44E3-BD5C-59BC49F5672B}.Debug|Any CPU.Build.0 = Debug|Any CPU
		{16DBE7A6-BAD3-44E3-BD5C-59BC49F5672B}.Release|Any CPU.ActiveCfg = Release|Any CPU
		{16DBE7A6-BAD3-44E3-BD5C-59BC49F5672B}.Release|Any CPU.Build.0 = Release|Any CPU
	EndGlobalSection
	GlobalSection(SolutionProperties) = preSolution
		HideSolutionNode = FALSE
	EndGlobalSection
	GlobalSection(ExtensibilityGlobals) = postSolution
		SolutionGuid = {42C0990A-2B5F-4C16-B82C-AA1A327A4323}
	EndGlobalSection
EndGlobal
